
Microsoft Visual Studio Solution File, Format Version 12.00
# Visual Studio Version 17
VisualStudioVersion = 17.2.32616.157
MinimumVisualStudioVersion = 10.0.40219.1
Project("{FAE04EC0-301F-11D3-BF4B-00C04F79EFBC}") = "Negocio", "Negocio\Negocio.csproj", "{FFEC5E7F-5A2E-48E8-BA8C-A8E8377C4E16}"
EndProject
Project("{FAE04EC0-301F-11D3-BF4B-00C04F79EFBC}") = "Acceso_De_Datos", "Acceso_De_Datos\Acceso_De_Datos.csproj", "{2D863BA6-41A2-4C49-B805-B5FEC9C7CC2F}"
EndProject
Project("{FAE04EC0-301F-11D3-BF4B-00C04F79EFBC}") = "Modelo", "Modelo\Modelo.csproj", "{68E52B1F-01EA-476E-8F84-815BD7B3AE96}"
EndProject
Project("{FAE04EC0-301F-11D3-BF4B-00C04F79EFBC}") = "PresentacionUsuario", "PresentacionUsuario\PresentacionUsuario.csproj", "{8F3E0F25-D15A-461E-BEB0-64E72D9916CA}"
EndProject
Global
	GlobalSection(SolutionConfigurationPlatforms) = preSolution
		Debug|Any CPU = Debug|Any CPU
		Release|Any CPU = Release|Any CPU
	EndGlobalSection
	GlobalSection(ProjectConfigurationPlatforms) = postSolution
		{FFEC5E7F-5A2E-48E8-BA8C-A8E8377C4E16}.Debug|Any CPU.ActiveCfg = Debug|Any CPU
		{FFEC5E7F-5A2E-48E8-BA8C-A8E8377C4E16}.Debug|Any CPU.Build.0 = Debug|Any CPU
		{FFEC5E7F-5A2E-48E8-BA8C-A8E8377C4E16}.Release|Any CPU.ActiveCfg = Release|Any CPU
		{FFEC5E7F-5A2E-48E8-BA8C-A8E8377C4E16}.Release|Any CPU.Build.0 = Release|Any CPU
		{2D863BA6-41A2-4C49-B805-B5FEC9C7CC2F}.Debug|Any CPU.ActiveCfg = Debug|Any CPU
		{2D863BA6-41A2-4C49-B805-B5FEC9C7CC2F}.Debug|Any CPU.Build.0 = Debug|Any CPU
		{2D863BA6-41A2-4C49-B805-B5FEC9C7CC2F}.Release|Any CPU.ActiveCfg = Release|Any CPU
		{2D863BA6-41A2-4C49-B805-B5FEC9C7CC2F}.Release|Any CPU.Build.0 = Release|Any CPU
		{68E52B1F-01EA-476E-8F84-815BD7B3AE96}.Debug|Any CPU.ActiveCfg = Debug|Any CPU
		{68E52B1F-01EA-476E-8F84-815BD7B3AE96}.Debug|Any CPU.Build.0 = Debug|Any CPU
		{68E52B1F-01EA-476E-8F84-815BD7B3AE96}.Release|Any CPU.ActiveCfg = Release|Any CPU
		{68E52B1F-01EA-476E-8F84-815BD7B3AE96}.Release|Any CPU.Build.0 = Release|Any CPU
		{8F3E0F25-D15A-461E-BEB0-64E72D9916CA}.Debug|Any CPU.ActiveCfg = Debug|Any CPU
		{8F3E0F25-D15A-461E-BEB0-64E72D9916CA}.Debug|Any CPU.Build.0 = Debug|Any CPU
		{8F3E0F25-D15A-461E-BEB0-64E72D9916CA}.Release|Any CPU.ActiveCfg = Release|Any CPU
		{8F3E0F25-D15A-461E-BEB0-64E72D9916CA}.Release|Any CPU.Build.0 = Release|Any CPU
	EndGlobalSection
	GlobalSection(SolutionProperties) = preSolution
		HideSolutionNode = FALSE
	EndGlobalSection
	GlobalSection(ExtensibilityGlobals) = postSolution
		SolutionGuid = {FD893C8B-2B57-4B74-ABB1-DF6BE05EDBD7}
	EndGlobalSection
EndGlobal
